{
  "object": {
    "pins": [
      {
        "package": "CLISpinner",
        "repositoryURL": "https://github.com/kiliankoe/CLISpinner",
        "state": {
          "branch": null,
          "revision": "75242aa49a7b9543be3d7f7eeda574216f165165",
          "version": "0.3.4"
        }
      },
      {
        "package": "Rainbow",
        "repositoryURL": "https://github.com/onevcat/Rainbow",
        "state": {
          "branch": null,
          "revision": "df197437d8acefb2ae01ab073be1d531fe7781ef",
          "version": "2.1.0"
        }
      }
    ]
  },
  "version": 1
}
